// !$*UTF8*$!
{
	archiveVersion = 1;
	classes = {
	};
	objectVersion = 50;
	objects = {

/* Begin PBXBuildFile section */
		6B60F0A72183C3F30004EE3E /* bounceButton.swift in Sources */ = {isa = PBXBuildFile; fileRef = 6B60F0A62183C3F30004EE3E /* bounceButton.swift */; };
		6BB4A6162182852000EF6829 /* AppDelegate.swift in Sources */ = {isa = PBXBuildFile; fileRef = 6BB4A6152182852000EF6829 /* AppDelegate.swift */; };
		6BB4A6182182852000EF6829 /* HomeViewController.swift in Sources */ = {isa = PBXBuildFile; fileRef = 6BB4A6172182852000EF6829 /* HomeViewController.swift */; };
		6BB4A61B2182852000EF6829 /* Main.storyboard in Resources */ = {isa = PBXBuildFile; fileRef = 6BB4A6192182852000EF6829 /* Main.storyboard */; };
		6BB4A61D2182852100EF6829 /* Assets.xcassets in Resources */ = {isa = PBXBuildFile; fileRef = 6BB4A61C2182852100EF6829 /* Assets.xcassets */; };
		6BB4A6202182852100EF6829 /* LaunchScreen.storyboard in Resources */ = {isa = PBXBuildFile; fileRef = 6BB4A61E2182852100EF6829 /* LaunchScreen.storyboard */; };
		6BB4A62B2182852200EF6829 /* AnchorApplicationTests.swift in Sources */ = {isa = PBXBuildFile; fileRef = 6BB4A62A2182852200EF6829 /* AnchorApplicationTests.swift */; };
		6BB4A6362182852200EF6829 /* AnchorApplicationUITests.swift in Sources */ = {isa = PBXBuildFile; fileRef = 6BB4A6352182852200EF6829 /* AnchorApplicationUITests.swift */; };
		6BB4A6442182883300EF6829 /* shapedButton.swift in Sources */ = {isa = PBXBuildFile; fileRef = 6BB4A6432182883300EF6829 /* shapedButton.swift */; };
		D645E1BA2187A546000BB2BC /* drugTableData.swift in Sources */ = {isa = PBXBuildFile; fileRef = D645E1B52187A546000BB2BC /* drugTableData.swift */; };
		D645E1BB2187A546000BB2BC /* CollapsibleTableViewHeader.swift in Sources */ = {isa = PBXBuildFile; fileRef = D645E1B62187A546000BB2BC /* CollapsibleTableViewHeader.swift */; };
		D645E1BC2187A546000BB2BC /* CollapsibleTableViewController.swift in Sources */ = {isa = PBXBuildFile; fileRef = D645E1B72187A546000BB2BC /* CollapsibleTableViewController.swift */; };
		D645E1BD2187A546000BB2BC /* CollapsibleTableViewController2.swift in Sources */ = {isa = PBXBuildFile; fileRef = D645E1B82187A546000BB2BC /* CollapsibleTableViewController2.swift */; };
		D645E1BE2187A546000BB2BC /* CollapsibleTableViewCell.swift in Sources */ = {isa = PBXBuildFile; fileRef = D645E1B92187A546000BB2BC /* CollapsibleTableViewCell.swift */; };
		D645E1C02187A7E5000BB2BC /* Extensions.swift in Sources */ = {isa = PBXBuildFile; fileRef = D645E1BF2187A7E5000BB2BC /* Extensions.swift */; };
		E93DE02C2183E5F700931BA7 /* DataTableViewController.swift in Sources */ = {isa = PBXBuildFile; fileRef = E93DE02B2183E5F700931BA7 /* DataTableViewController.swift */; };
/* End PBXBuildFile section */

/* Begin PBXContainerItemProxy section */
		6BB4A6272182852100EF6829 /* PBXContainerItemProxy */ = {
			isa = PBXContainerItemProxy;
			containerPortal = 6BB4A60A2182852000EF6829 /* Project object */;
			proxyType = 1;
			remoteGlobalIDString = 6BB4A6112182852000EF6829;
			remoteInfo = AnchorApplication;
		};
		6BB4A6322182852200EF6829 /* PBXContainerItemProxy */ = {
			isa = PBXContainerItemProxy;
			containerPortal = 6BB4A60A2182852000EF6829 /* Project object */;
			proxyType = 1;
			remoteGlobalIDString = 6BB4A6112182852000EF6829;
			remoteInfo = AnchorApplication;
		};
/* End PBXContainerItemProxy section */

/* Begin PBXFileReference section */
		6B60F0A62183C3F30004EE3E /* bounceButton.swift */ = {isa = PBXFileReference; lastKnownFileType = sourcecode.swift; path = bounceButton.swift; sourceTree = "<group>"; };
		6BB4A6122182852000EF6829 /* AnchorApplication.app */ = {isa = PBXFileReference; explicitFileType = wrapper.application; includeInIndex = 0; path = AnchorApplication.app; sourceTree = BUILT_PRODUCTS_DIR; };
		6BB4A6152182852000EF6829 /* AppDelegate.swift */ = {isa = PBXFileReference; lastKnownFileType = sourcecode.swift; path = AppDelegate.swift; sourceTree = "<group>"; };
		6BB4A6172182852000EF6829 /* HomeViewController.swift */ = {isa = PBXFileReference; lastKnownFileType = sourcecode.swift; path = HomeViewController.swift; sourceTree = "<group>"; };
		6BB4A61A2182852000EF6829 /* Base */ = {isa = PBXFileReference; lastKnownFileType = file.storyboard; name = Base; path = Base.lproj/Main.storyboard; sourceTree = "<group>"; };
		6BB4A61C2182852100EF6829 /* Assets.xcassets */ = {isa = PBXFileReference; lastKnownFileType = folder.assetcatalog; path = Assets.xcassets; sourceTree = "<group>"; };
		6BB4A61F2182852100EF6829 /* Base */ = {isa = PBXFileReference; lastKnownFileType = file.storyboard; name = Base; path = Base.lproj/LaunchScreen.storyboard; sourceTree = "<group>"; };
		6BB4A6212182852100EF6829 /* Info.plist */ = {isa = PBXFileReference; lastKnownFileType = text.plist.xml; path = Info.plist; sourceTree = "<group>"; };
		6BB4A6262182852100EF6829 /* AnchorApplicationTests.xctest */ = {isa = PBXFileReference; explicitFileType = wrapper.cfbundle; includeInIndex = 0; path = AnchorApplicationTests.xctest; sourceTree = BUILT_PRODUCTS_DIR; };
		6BB4A62A2182852200EF6829 /* AnchorApplicationTests.swift */ = {isa = PBXFileReference; lastKnownFileType = sourcecode.swift; path = AnchorApplicationTests.swift; sourceTree = "<group>"; };
		6BB4A62C2182852200EF6829 /* Info.plist */ = {isa = PBXFileReference; lastKnownFileType = text.plist.xml; path = Info.plist; sourceTree = "<group>"; };
		6BB4A6312182852200EF6829 /* AnchorApplicationUITests.xctest */ = {isa = PBXFileReference; explicitFileType = wrapper.cfbundle; includeInIndex = 0; path = AnchorApplicationUITests.xctest; sourceTree = BUILT_PRODUCTS_DIR; };
		6BB4A6352182852200EF6829 /* AnchorApplicationUITests.swift */ = {isa = PBXFileReference; lastKnownFileType = sourcecode.swift; path = AnchorApplicationUITests.swift; sourceTree = "<group>"; };
		6BB4A6372182852200EF6829 /* Info.plist */ = {isa = PBXFileReference; lastKnownFileType = text.plist.xml; path = Info.plist; sourceTree = "<group>"; };
		6BB4A6432182883300EF6829 /* shapedButton.swift */ = {isa = PBXFileReference; lastKnownFileType = sourcecode.swift; path = shapedButton.swift; sourceTree = "<group>"; };
		D645E1B52187A546000BB2BC /* drugTableData.swift */ = {isa = PBXFileReference; fileEncoding = 4; lastKnownFileType = sourcecode.swift; name = drugTableData.swift; path = ../../cmpt275/AnchorApplication/drugTableData.swift; sourceTree = "<group>"; };
		D645E1B62187A546000BB2BC /* CollapsibleTableViewHeader.swift */ = {isa = PBXFileReference; fileEncoding = 4; lastKnownFileType = sourcecode.swift; name = CollapsibleTableViewHeader.swift; path = ../../cmpt275/AnchorApplication/CollapsibleTableViewHeader.swift; sourceTree = "<group>"; };
		D645E1B72187A546000BB2BC /* CollapsibleTableViewController.swift */ = {isa = PBXFileReference; fileEncoding = 4; lastKnownFileType = sourcecode.swift; name = CollapsibleTableViewController.swift; path = ../../cmpt275/AnchorApplication/CollapsibleTableViewController.swift; sourceTree = "<group>"; };
		D645E1B82187A546000BB2BC /* CollapsibleTableViewController2.swift */ = {isa = PBXFileReference; fileEncoding = 4; lastKnownFileType = sourcecode.swift; name = CollapsibleTableViewController2.swift; path = ../../cmpt275/AnchorApplication/CollapsibleTableViewController2.swift; sourceTree = "<group>"; };
		D645E1B92187A546000BB2BC /* CollapsibleTableViewCell.swift */ = {isa = PBXFileReference; fileEncoding = 4; lastKnownFileType = sourcecode.swift; name = CollapsibleTableViewCell.swift; path = ../../cmpt275/AnchorApplication/CollapsibleTableViewCell.swift; sourceTree = "<group>"; };
		D645E1BF2187A7E5000BB2BC /* Extensions.swift */ = {isa = PBXFileReference; fileEncoding = 4; lastKnownFileType = sourcecode.swift; name = Extensions.swift; path = ../../cmpt275/AnchorApplication/Extensions.swift; sourceTree = "<group>"; };
		E93DE02B2183E5F700931BA7 /* DataTableViewController.swift */ = {isa = PBXFileReference; lastKnownFileType = sourcecode.swift; path = DataTableViewController.swift; sourceTree = "<group>"; };
/* End PBXFileReference section */

/* Begin PBXFrameworksBuildPhase section */
		6BB4A60F2182852000EF6829 /* Frameworks */ = {
			isa = PBXFrameworksBuildPhase;
			buildActionMask = 2147483647;
			files = (
			);
			runOnlyForDeploymentPostprocessing = 0;
		};
		6BB4A6232182852100EF6829 /* Frameworks */ = {
			isa = PBXFrameworksBuildPhase;
			buildActionMask = 2147483647;
			files = (
			);
			runOnlyForDeploymentPostprocessing = 0;
		};
		6BB4A62E2182852200EF6829 /* Frameworks */ = {
			isa = PBXFrameworksBuildPhase;
			buildActionMask = 2147483647;
			files = (
			);
			runOnlyForDeploymentPostprocessing = 0;
		};
/* End PBXFrameworksBuildPhase section */

/* Begin PBXGroup section */
		6BB4A6092182852000EF6829 = {
			isa = PBXGroup;
			children = (
				6BB4A6142182852000EF6829 /* AnchorApplication */,
				6BB4A6292182852100EF6829 /* AnchorApplicationTests */,
				6BB4A6342182852200EF6829 /* AnchorApplicationUITests */,
				6BB4A6132182852000EF6829 /* Products */,
			);
			sourceTree = "<group>";
		};
		6BB4A6132182852000EF6829 /* Products */ = {
			isa = PBXGroup;
			children = (
				6BB4A6122182852000EF6829 /* AnchorApplication.app */,
				6BB4A6262182852100EF6829 /* AnchorApplicationTests.xctest */,
				6BB4A6312182852200EF6829 /* AnchorApplicationUITests.xctest */,
			);
			name = Products;
			sourceTree = "<group>";
		};
		6BB4A6142182852000EF6829 /* AnchorApplication */ = {
			isa = PBXGroup;
			children = (
				6BB4A6152182852000EF6829 /* AppDelegate.swift */,
				6BB4A6172182852000EF6829 /* HomeViewController.swift */,
				6B60F0A62183C3F30004EE3E /* bounceButton.swift */,
				E93DE02B2183E5F700931BA7 /* DataTableViewController.swift */,
				6BB4A6192182852000EF6829 /* Main.storyboard */,
				6BB4A61C2182852100EF6829 /* Assets.xcassets */,
				6BB4A61E2182852100EF6829 /* LaunchScreen.storyboard */,
				6BB4A6212182852100EF6829 /* Info.plist */,
				6BB4A6432182883300EF6829 /* shapedButton.swift */,
				D645E1B92187A546000BB2BC /* CollapsibleTableViewCell.swift */,
				D645E1B72187A546000BB2BC /* CollapsibleTableViewController.swift */,
				D645E1B82187A546000BB2BC /* CollapsibleTableViewController2.swift */,
				D645E1B62187A546000BB2BC /* CollapsibleTableViewHeader.swift */,
				D645E1BF2187A7E5000BB2BC /* Extensions.swift */,
				D645E1B52187A546000BB2BC /* drugTableData.swift */,
			);
			path = AnchorApplication;
			sourceTree = "<group>";
		};
		6BB4A6292182852100EF6829 /* AnchorApplicationTests */ = {
			isa = PBXGroup;
			children = (
				6BB4A62A2182852200EF6829 /* AnchorApplicationTests.swift */,
				6BB4A62C2182852200EF6829 /* Info.plist */,
			);
			path = AnchorApplicationTests;
			sourceTree = "<group>";
		};
		6BB4A6342182852200EF6829 /* AnchorApplicationUITests */ = {
			isa = PBXGroup;
			children = (
				6BB4A6352182852200EF6829 /* AnchorApplicationUITests.swift */,
				6BB4A6372182852200EF6829 /* Info.plist */,
			);
			path = AnchorApplicationUITests;
			sourceTree = "<group>";
		};
/* End PBXGroup section */

/* Begin PBXNativeTarget section */
		6BB4A6112182852000EF6829 /* AnchorApplication */ = {
			isa = PBXNativeTarget;
			buildConfigurationList = 6BB4A63A2182852200EF6829 /* Build configuration list for PBXNativeTarget "AnchorApplication" */;
			buildPhases = (
				6BB4A60E2182852000EF6829 /* Sources */,
				6BB4A60F2182852000EF6829 /* Frameworks */,
				6BB4A6102182852000EF6829 /* Resources */,
			);
			buildRules = (
			);
			dependencies = (
			);
			name = AnchorApplication;
			productName = AnchorApplication;
			productReference = 6BB4A6122182852000EF6829 /* AnchorApplication.app */;
			productType = "com.apple.product-type.application";
		};
		6BB4A6252182852100EF6829 /* AnchorApplicationTests */ = {
			isa = PBXNativeTarget;
			buildConfigurationList = 6BB4A63D2182852200EF6829 /* Build configuration list for PBXNativeTarget "AnchorApplicationTests" */;
			buildPhases = (
				6BB4A6222182852100EF6829 /* Sources */,
				6BB4A6232182852100EF6829 /* Frameworks */,
				6BB4A6242182852100EF6829 /* Resources */,
			);
			buildRules = (
			);
			dependencies = (
				6BB4A6282182852100EF6829 /* PBXTargetDependency */,
			);
			name = AnchorApplicationTests;
			productName = AnchorApplicationTests;
			productReference = 6BB4A6262182852100EF6829 /* AnchorApplicationTests.xctest */;
			productType = "com.apple.product-type.bundle.unit-test";
		};
		6BB4A6302182852200EF6829 /* AnchorApplicationUITests */ = {
			isa = PBXNativeTarget;
			buildConfigurationList = 6BB4A6402182852200EF6829 /* Build configuration list for PBXNativeTarget "AnchorApplicationUITests" */;
			buildPhases = (
				6BB4A62D2182852200EF6829 /* Sources */,
				6BB4A62E2182852200EF6829 /* Frameworks */,
				6BB4A62F2182852200EF6829 /* Resources */,
			);
			buildRules = (
			);
			dependencies = (
				6BB4A6332182852200EF6829 /* PBXTargetDependency */,
			);
			name = AnchorApplicationUITests;
			productName = AnchorApplicationUITests;
			productReference = 6BB4A6312182852200EF6829 /* AnchorApplicationUITests.xctest */;
			productType = "com.apple.product-type.bundle.ui-testing";
		};
/* End PBXNativeTarget section */

/* Begin PBXProject section */
		6BB4A60A2182852000EF6829 /* Project object */ = {
			isa = PBXProject;
			attributes = {
				LastSwiftUpdateCheck = 0940;
				LastUpgradeCheck = 0940;
				ORGANIZATIONNAME = "Keith Leung";
				TargetAttributes = {
					6BB4A6112182852000EF6829 = {
						CreatedOnToolsVersion = 9.4.1;
					};
					6BB4A6252182852100EF6829 = {
						CreatedOnToolsVersion = 9.4.1;
						TestTargetID = 6BB4A6112182852000EF6829;
					};
					6BB4A6302182852200EF6829 = {
						CreatedOnToolsVersion = 9.4.1;
						TestTargetID = 6BB4A6112182852000EF6829;
					};
				};
			};
			buildConfigurationList = 6BB4A60D2182852000EF6829 /* Build configuration list for PBXProject "AnchorApplication" */;
			compatibilityVersion = "Xcode 9.3";
			developmentRegion = en;
			hasScannedForEncodings = 0;
			knownRegions = (
				en,
				Base,
			);
			mainGroup = 6BB4A6092182852000EF6829;
			productRefGroup = 6BB4A6132182852000EF6829 /* Products */;
			projectDirPath = "";
			projectRoot = "";
			targets = (
				6BB4A6112182852000EF6829 /* AnchorApplication */,
				6BB4A6252182852100EF6829 /* AnchorApplicationTests */,
				6BB4A6302182852200EF6829 /* AnchorApplicationUITests */,
			);
		};
/* End PBXProject section */

/* Begin PBXResourcesBuildPhase section */
		6BB4A6102182852000EF6829 /* Resources */ = {
			isa = PBXResourcesBuildPhase;
			buildActionMask = 2147483647;
			files = (
				6BB4A6202182852100EF6829 /* LaunchScreen.storyboard in Resources */,
				6BB4A61D2182852100EF6829 /* Assets.xcassets in Resources */,
				6BB4A61B2182852000EF6829 /* Main.storyboard in Resources */,
			);
			runOnlyForDeploymentPostprocessing = 0;
		};
		6BB4A6242182852100EF6829 /* Resources */ = {
			isa = PBXResourcesBuildPhase;
			buildActionMask = 2147483647;
			files = (
			);
			runOnlyForDeploymentPostprocessing = 0;
		};
		6BB4A62F2182852200EF6829 /* Resources */ = {
			isa = PBXResourcesBuildPhase;
			buildActionMask = 2147483647;
			files = (
			);
			runOnlyForDeploymentPostprocessing = 0;
		};
/* End PBXResourcesBuildPhase section */

/* Begin PBXSourcesBuildPhase section */
		6BB4A60E2182852000EF6829 /* Sources */ = {
			isa = PBXSourcesBuildPhase;
			buildActionMask = 2147483647;
			files = (
				D645E1BC2187A546000BB2BC /* CollapsibleTableViewController.swift in Sources */,
				D645E1BB2187A546000BB2BC /* CollapsibleTableViewHeader.swift in Sources */,
				D645E1BE2187A546000BB2BC /* CollapsibleTableViewCell.swift in Sources */,
				E93DE02C2183E5F700931BA7 /* DataTableViewController.swift in Sources */,
				D645E1BD2187A546000BB2BC /* CollapsibleTableViewController2.swift in Sources */,
				6BB4A6182182852000EF6829 /* HomeViewController.swift in Sources */,
				6B60F0A72183C3F30004EE3E /* bounceButton.swift in Sources */,
				6BB4A6442182883300EF6829 /* shapedButton.swift in Sources */,
				D645E1BA2187A546000BB2BC /* drugTableData.swift in Sources */,
				D645E1C02187A7E5000BB2BC /* Extensions.swift in Sources */,
				6BB4A6162182852000EF6829 /* AppDelegate.swift in Sources */,
			);
			runOnlyForDeploymentPostprocessing = 0;
		};
		6BB4A6222182852100EF6829 /* Sources */ = {
			isa = PBXSourcesBuildPhase;
			buildActionMask = 2147483647;
			files = (
				6BB4A62B2182852200EF6829 /* AnchorApplicationTests.swift in Sources */,
			);
			runOnlyForDeploymentPostprocessing = 0;
		};
		6BB4A62D2182852200EF6829 /* Sources */ = {
			isa = PBXSourcesBuildPhase;
			buildActionMask = 2147483647;
			files = (
				6BB4A6362182852200EF6829 /* AnchorApplicationUITests.swift in Sources */,
			);
			runOnlyForDeploymentPostprocessing = 0;
		};
/* End PBXSourcesBuildPhase section */

/* Begin PBXTargetDependency section */
		6BB4A6282182852100EF6829 /* PBXTargetDependency */ = {
			isa = PBXTargetDependency;
			target = 6BB4A6112182852000EF6829 /* AnchorApplication */;
			targetProxy = 6BB4A6272182852100EF6829 /* PBXContainerItemProxy */;
		};
		6BB4A6332182852200EF6829 /* PBXTargetDependency */ = {
			isa = PBXTargetDependency;
			target = 6BB4A6112182852000EF6829 /* AnchorApplication */;
			targetProxy = 6BB4A6322182852200EF6829 /* PBXContainerItemProxy */;
		};
/* End PBXTargetDependency section */

/* Begin PBXVariantGroup section */
		6BB4A6192182852000EF6829 /* Main.storyboard */ = {
			isa = PBXVariantGroup;
			children = (
				6BB4A61A2182852000EF6829 /* Base */,
			);
			name = Main.storyboard;
			sourceTree = "<group>";
		};
		6BB4A61E2182852100EF6829 /* LaunchScreen.storyboard */ = {
			isa = PBXVariantGroup;
			children = (
				6BB4A61F2182852100EF6829 /* Base */,
			);
			name = LaunchScreen.storyboard;
			sourceTree = "<group>";
		};
/* End PBXVariantGroup section */

/* Begin XCBuildConfiguration section */
		6BB4A6382182852200EF6829 /* Debug */ = {
			isa = XCBuildConfiguration;
			buildSettings = {
				ALWAYS_SEARCH_USER_PATHS = NO;
				CLANG_ANALYZER_NONNULL = YES;
				CLANG_ANALYZER_NUMBER_OBJECT_CONVERSION = YES_AGGRESSIVE;
				CLANG_CXX_LANGUAGE_STANDARD = "gnu++14";
				CLANG_CXX_LIBRARY = "libc++";
				CLANG_ENABLE_MODULES = YES;
				CLANG_ENABLE_OBJC_ARC = YES;
				CLANG_ENABLE_OBJC_WEAK = YES;
				CLANG_WARN_BLOCK_CAPTURE_AUTORELEASING = YES;
				CLANG_WARN_BOOL_CONVERSION = YES;
				CLANG_WARN_COMMA = YES;
				CLANG_WARN_CONSTANT_CONVERSION = YES;
				CLANG_WARN_DEPRECATED_OBJC_IMPLEMENTATIONS = YES;
				CLANG_WARN_DIRECT_OBJC_ISA_USAGE = YES_ERROR;
				CLANG_WARN_DOCUMENTATION_COMMENTS = YES;
				CLANG_WARN_EMPTY_BODY = YES;
				CLANG_WARN_ENUM_CONVERSION = YES;
				CLANG_WARN_INFINITE_RECURSION = YES;
				CLANG_WARN_INT_CONVERSION = YES;
				CLANG_WARN_NON_LITERAL_NULL_CONVERSION = YES;
				CLANG_WARN_OBJC_IMPLICIT_RETAIN_SELF = YES;
				CLANG_WARN_OBJC_LITERAL_CONVERSION = YES;
				CLANG_WARN_OBJC_ROOT_CLASS = YES_ERROR;
				CLANG_WARN_RANGE_LOOP_ANALYSIS = YES;
				CLANG_WARN_STRICT_PROTOTYPES = YES;
				CLANG_WARN_SUSPICIOUS_MOVE = YES;
				CLANG_WARN_UNGUARDED_AVAILABILITY = YES_AGGRESSIVE;
				CLANG_WARN_UNREACHABLE_CODE = YES;
				CLANG_WARN__DUPLICATE_METHOD_MATCH = YES;
				CODE_SIGN_IDENTITY = "iPhone Developer";
				COPY_PHASE_STRIP = NO;
				DEBUG_INFORMATION_FORMAT = dwarf;
				ENABLE_STRICT_OBJC_MSGSEND = YES;
				ENABLE_TESTABILITY = YES;
				GCC_C_LANGUAGE_STANDARD = gnu11;
				GCC_DYNAMIC_NO_PIC = NO;
				GCC_NO_COMMON_BLOCKS = YES;
				GCC_OPTIMIZATION_LEVEL = 0;
				GCC_PREPROCESSOR_DEFINITIONS = (
					"DEBUG=1",
					"$(inherited)",
				);
				GCC_WARN_64_TO_32_BIT_CONVERSION = YES;
				GCC_WARN_ABOUT_RETURN_TYPE = YES_ERROR;
				GCC_WARN_UNDECLARED_SELECTOR = YES;
				GCC_WARN_UNINITIALIZED_AUTOS = YES_AGGRESSIVE;
				GCC_WARN_UNUSED_FUNCTION = YES;
				GCC_WARN_UNUSED_VARIABLE = YES;
				IPHONEOS_DEPLOYMENT_TARGET = 11.4;
				MTL_ENABLE_DEBUG_INFO = YES;
				ONLY_ACTIVE_ARCH = YES;
				SDKROOT = iphoneos;
				SWIFT_ACTIVE_COMPILATION_CONDITIONS = DEBUG;
				SWIFT_OPTIMIZATION_LEVEL = "-Onone";
			};
			name = Debug;
		};
		6BB4A6392182852200EF6829 /* Release */ = {
			isa = XCBuildConfiguration;
			buildSettings = {
				ALWAYS_SEARCH_USER_PATHS = NO;
				CLANG_ANALYZER_NONNULL = YES;
				CLANG_ANALYZER_NUMBER_OBJECT_CONVERSION = YES_AGGRESSIVE;
				CLANG_CXX_LANGUAGE_STANDARD = "gnu++14";
				CLANG_CXX_LIBRARY = "libc++";
				CLANG_ENABLE_MODULES = YES;
				CLANG_ENABLE_OBJC_ARC = YES;
				CLANG_ENABLE_OBJC_WEAK = YES;
				CLANG_WARN_BLOCK_CAPTURE_AUTORELEASING = YES;
				CLANG_WARN_BOOL_CONVERSION = YES;
				CLANG_WARN_COMMA = YES;
				CLANG_WARN_CONSTANT_CONVERSION = YES;
				CLANG_WARN_DEPRECATED_OBJC_IMPLEMENTATIONS = YES;
				CLANG_WARN_DIRECT_OBJC_ISA_USAGE = YES_ERROR;
				CLANG_WARN_DOCUMENTATION_COMMENTS = YES;
				CLANG_WARN_EMPTY_BODY = YES;
				CLANG_WARN_ENUM_CONVERSION = YES;
				CLANG_WARN_INFINITE_RECURSION = YES;
				CLANG_WARN_INT_CONVERSION = YES;
				CLANG_WARN_NON_LITERAL_NULL_CONVERSION = YES;
				CLANG_WARN_OBJC_IMPLICIT_RETAIN_SELF = YES;
				CLANG_WARN_OBJC_LITERAL_CONVERSION = YES;
				CLANG_WARN_OBJC_ROOT_CLASS = YES_ERROR;
				CLANG_WARN_RANGE_LOOP_ANALYSIS = YES;
				CLANG_WARN_STRICT_PROTOTYPES = YES;
				CLANG_WARN_SUSPICIOUS_MOVE = YES;
				CLANG_WARN_UNGUARDED_AVAILABILITY = YES_AGGRESSIVE;
				CLANG_WARN_UNREACHABLE_CODE = YES;
				CLANG_WARN__DUPLICATE_METHOD_MATCH = YES;
				CODE_SIGN_IDENTITY = "iPhone Developer";
				COPY_PHASE_STRIP = NO;
				DEBUG_INFORMATION_FORMAT = "dwarf-with-dsym";
				ENABLE_NS_ASSERTIONS = NO;
				ENABLE_STRICT_OBJC_MSGSEND = YES;
				GCC_C_LANGUAGE_STANDARD = gnu11;
				GCC_NO_COMMON_BLOCKS = YES;
				GCC_WARN_64_TO_32_BIT_CONVERSION = YES;
				GCC_WARN_ABOUT_RETURN_TYPE = YES_ERROR;
				GCC_WARN_UNDECLARED_SELECTOR = YES;
				GCC_WARN_UNINITIALIZED_AUTOS = YES_AGGRESSIVE;
				GCC_WARN_UNUSED_FUNCTION = YES;
				GCC_WARN_UNUSED_VARIABLE = YES;
				IPHONEOS_DEPLOYMENT_TARGET = 11.4;
				MTL_ENABLE_DEBUG_INFO = NO;
				SDKROOT = iphoneos;
				SWIFT_COMPILATION_MODE = wholemodule;
				SWIFT_OPTIMIZATION_LEVEL = "-O";
				VALIDATE_PRODUCT = YES;
			};
			name = Release;
		};
		6BB4A63B2182852200EF6829 /* Debug */ = {
			isa = XCBuildConfiguration;
			buildSettings = {
				ASSETCATALOG_COMPILER_APPICON_NAME = AppIcon;
				CODE_SIGN_STYLE = Automatic;
				INFOPLIST_FILE = AnchorApplication/Info.plist;
				LD_RUNPATH_SEARCH_PATHS = (
					"$(inherited)",
					"@executable_path/Frameworks",
				);
				PRODUCT_BUNDLE_IDENTIFIER = Group12.AnchorApplication;
				PRODUCT_NAME = "$(TARGET_NAME)";
				SWIFT_VERSION = 4.0;
				TARGETED_DEVICE_FAMILY = "1,2";
			};
			name = Debug;
		};
		6BB4A63C2182852200EF6829 /* Release */ = {
			isa = XCBuildConfiguration;
			buildSettings = {
				ASSETCATALOG_COMPILER_APPICON_NAME = AppIcon;
				CODE_SIGN_STYLE = Automatic;
				INFOPLIST_FILE = AnchorApplication/Info.plist;
				LD_RUNPATH_SEARCH_PATHS = (
					"$(inherited)",
					"@executable_path/Frameworks",
				);
				PRODUCT_BUNDLE_IDENTIFIER = Group12.AnchorApplication;
				PRODUCT_NAME = "$(TARGET_NAME)";
				SWIFT_VERSION = 4.0;
				TARGETED_DEVICE_FAMILY = "1,2";
			};
			name = Release;
		};
		6BB4A63E2182852200EF6829 /* Debug */ = {
			isa = XCBuildConfiguration;
			buildSettings = {
				ALWAYS_EMBED_SWIFT_STANDARD_LIBRARIES = YES;
				BUNDLE_LOADER = "$(TEST_HOST)";
				CODE_SIGN_STYLE = Automatic;
				INFOPLIST_FILE = AnchorApplicationTests/Info.plist;
				LD_RUNPATH_SEARCH_PATHS = (
					"$(inherited)",
					"@executable_path/Frameworks",
					"@loader_path/Frameworks",
				);
				PRODUCT_BUNDLE_IDENTIFIER = Group12.AnchorApplicationTests;
				PRODUCT_NAME = "$(TARGET_NAME)";
				SWIFT_VERSION = 4.0;
				TARGETED_DEVICE_FAMILY = "1,2";
				TEST_HOST = "$(BUILT_PRODUCTS_DIR)/AnchorApplication.app/AnchorApplication";
			};
			name = Debug;
		};
		6BB4A63F2182852200EF6829 /* Release */ = {
			isa = XCBuildConfiguration;
			buildSettings = {
				ALWAYS_EMBED_SWIFT_STANDARD_LIBRARIES = YES;
				BUNDLE_LOADER = "$(TEST_HOST)";
				CODE_SIGN_STYLE = Automatic;
				INFOPLIST_FILE = AnchorApplicationTests/Info.plist;
				LD_RUNPATH_SEARCH_PATHS = (
					"$(inherited)",
					"@executable_path/Frameworks",
					"@loader_path/Frameworks",
				);
				PRODUCT_BUNDLE_IDENTIFIER = Group12.AnchorApplicationTests;
				PRODUCT_NAME = "$(TARGET_NAME)";
				SWIFT_VERSION = 4.0;
				TARGETED_DEVICE_FAMILY = "1,2";
				TEST_HOST = "$(BUILT_PRODUCTS_DIR)/AnchorApplication.app/AnchorApplication";
			};
			name = Release;
		};
		6BB4A6412182852200EF6829 /* Debug */ = {
			isa = XCBuildConfiguration;
			buildSettings = {
				ALWAYS_EMBED_SWIFT_STANDARD_LIBRARIES = YES;
				CODE_SIGN_STYLE = Automatic;
				INFOPLIST_FILE = AnchorApplicationUITests/Info.plist;
				LD_RUNPATH_SEARCH_PATHS = (
					"$(inherited)",
					"@executable_path/Frameworks",
					"@loader_path/Frameworks",
				);
				PRODUCT_BUNDLE_IDENTIFIER = Group12.AnchorApplicationUITests;
				PRODUCT_NAME = "$(TARGET_NAME)";
				SWIFT_VERSION = 4.0;
				TARGETED_DEVICE_FAMILY = "1,2";
				TEST_TARGET_NAME = AnchorApplication;
			};
			name = Debug;
		};
		6BB4A6422182852200EF6829 /* Release */ = {
			isa = XCBuildConfiguration;
			buildSettings = {
				ALWAYS_EMBED_SWIFT_STANDARD_LIBRARIES = YES;
				CODE_SIGN_STYLE = Automatic;
				INFOPLIST_FILE = AnchorApplicationUITests/Info.plist;
				LD_RUNPATH_SEARCH_PATHS = (
					"$(inherited)",
					"@executable_path/Frameworks",
					"@loader_path/Frameworks",
				);
				PRODUCT_BUNDLE_IDENTIFIER = Group12.AnchorApplicationUITests;
				PRODUCT_NAME = "$(TARGET_NAME)";
				SWIFT_VERSION = 4.0;
				TARGETED_DEVICE_FAMILY = "1,2";
				TEST_TARGET_NAME = AnchorApplication;
			};
			name = Release;
		};
/* End XCBuildConfiguration section */

/* Begin XCConfigurationList section */
		6BB4A60D2182852000EF6829 /* Build configuration list for PBXProject "AnchorApplication" */ = {
			isa = XCConfigurationList;
			buildConfigurations = (
				6BB4A6382182852200EF6829 /* Debug */,
				6BB4A6392182852200EF6829 /* Release */,
			);
			defaultConfigurationIsVisible = 0;
			defaultConfigurationName = Release;
		};
		6BB4A63A2182852200EF6829 /* Build configuration list for PBXNativeTarget "AnchorApplication" */ = {
			isa = XCConfigurationList;
			buildConfigurations = (
				6BB4A63B2182852200EF6829 /* Debug */,
				6BB4A63C2182852200EF6829 /* Release */,
			);
			defaultConfigurationIsVisible = 0;
			defaultConfigurationName = Release;
		};
		6BB4A63D2182852200EF6829 /* Build configuration list for PBXNativeTarget "AnchorApplicationTests" */ = {
			isa = XCConfigurationList;
			buildConfigurations = (
				6BB4A63E2182852200EF6829 /* Debug */,
				6BB4A63F2182852200EF6829 /* Release */,
			);
			defaultConfigurationIsVisible = 0;
			defaultConfigurationName = Release;
		};
		6BB4A6402182852200EF6829 /* Build configuration list for PBXNativeTarget "AnchorApplicationUITests" */ = {
			isa = XCConfigurationList;
			buildConfigurations = (
				6BB4A6412182852200EF6829 /* Debug */,
				6BB4A6422182852200EF6829 /* Release */,
			);
			defaultConfigurationIsVisible = 0;
			defaultConfigurationName = Release;
		};
/* End XCConfigurationList section */
	};
	rootObject = 6BB4A60A2182852000EF6829 /* Project object */;
}
